
Microsoft Visual Studio Solution File, Format Version 12.00
# Visual Studio Version 17
VisualStudioVersion = 17.8.34525.116
MinimumVisualStudioVersion = 10.0.40219.1
Project("{FAE04EC0-301F-11D3-BF4B-00C04F79EFBC}") = "Week5LogicalOps", "Week5LogicalOps\Week5LogicalOps.csproj", "{D78F0E9D-70F9-46E7-AEBC-ED81A108B238}"
EndProject
Project("{FAE04EC0-301F-11D3-BF4B-00C04F79EFBC}") = "ANDop", "ANDop\ANDop.csproj", "{1D30617A-54D2-4E5C-A5FD-B31984E10EAD}"
EndProject
Project("{FAE04EC0-301F-11D3-BF4B-00C04F79EFBC}") = "ORop", "ORop\ORop.csproj", "{BDED1D4F-91E2-4FAC-A6CB-83FF8F797D1B}"
EndProject
Project("{FAE04EC0-301F-11D3-BF4B-00C04F79EFBC}") = "ANDranges", "ANDranges\ANDranges.csproj", "{45F5C989-E0E6-4DF5-85B5-822DD088CFA1}"
EndProject
Global
	GlobalSection(SolutionConfigurationPlatforms) = preSolution
		Debug|Any CPU = Debug|Any CPU
		Release|Any CPU = Release|Any CPU
	EndGlobalSection
	GlobalSection(ProjectConfigurationPlatforms) = postSolution
		{D78F0E9D-70F9-46E7-AEBC-ED81A108B238}.Debug|Any CPU.ActiveCfg = Debug|Any CPU
		{D78F0E9D-70F9-46E7-AEBC-ED81A108B238}.Debug|Any CPU.Build.0 = Debug|Any CPU
		{D78F0E9D-70F9-46E7-AEBC-ED81A108B238}.Release|Any CPU.ActiveCfg = Release|Any CPU
		{D78F0E9D-70F9-46E7-AEBC-ED81A108B238}.Release|Any CPU.Build.0 = Release|Any CPU
		{1D30617A-54D2-4E5C-A5FD-B31984E10EAD}.Debug|Any CPU.ActiveCfg = Debug|Any CPU
		{1D30617A-54D2-4E5C-A5FD-B31984E10EAD}.Debug|Any CPU.Build.0 = Debug|Any CPU
		{1D30617A-54D2-4E5C-A5FD-B31984E10EAD}.Release|Any CPU.ActiveCfg = Release|Any CPU
		{1D30617A-54D2-4E5C-A5FD-B31984E10EAD}.Release|Any CPU.Build.0 = Release|Any CPU
		{BDED1D4F-91E2-4FAC-A6CB-83FF8F797D1B}.Debug|Any CPU.ActiveCfg = Debug|Any CPU
		{BDED1D4F-91E2-4FAC-A6CB-83FF8F797D1B}.Debug|Any CPU.Build.0 = Debug|Any CPU
		{BDED1D4F-91E2-4FAC-A6CB-83FF8F797D1B}.Release|Any CPU.ActiveCfg = Release|Any CPU
		{BDED1D4F-91E2-4FAC-A6CB-83FF8F797D1B}.Release|Any CPU.Build.0 = Release|Any CPU
		{45F5C989-E0E6-4DF5-85B5-822DD088CFA1}.Debug|Any CPU.ActiveCfg = Debug|Any CPU
		{45F5C989-E0E6-4DF5-85B5-822DD088CFA1}.Debug|Any CPU.Build.0 = Debug|Any CPU
		{45F5C989-E0E6-4DF5-85B5-822DD088CFA1}.Release|Any CPU.ActiveCfg = Release|Any CPU
		{45F5C989-E0E6-4DF5-85B5-822DD088CFA1}.Release|Any CPU.Build.0 = Release|Any CPU
	EndGlobalSection
	GlobalSection(SolutionProperties) = preSolution
		HideSolutionNode = FALSE
	EndGlobalSection
	GlobalSection(ExtensibilityGlobals) = postSolution
		SolutionGuid = {B6CDEEE9-7466-4CE9-923B-3D6101B41CE7}
	EndGlobalSection
EndGlobal
